
Microsoft Visual Studio Solution File, Format Version 12.00
Project("{FAE04EC0-301F-11D3-BF4B-00C04F79EFBC}") = "YandereCuteamena", "YandereCuteamena\YandereCuteamena.csproj", "{6B079731-931F-40A7-AC95-3171A44FE537}"
EndProject
Global
	GlobalSection(SolutionConfigurationPlatforms) = preSolution
		Debug|Any CPU = Debug|Any CPU
		Release|Any CPU = Release|Any CPU
	EndGlobalSection
	GlobalSection(ProjectConfigurationPlatforms) = postSolution
		{6B079731-931F-40A7-AC95-3171A44FE537}.Debug|Any CPU.ActiveCfg = Debug|Any CPU
		{6B079731-931F-40A7-AC95-3171A44FE537}.Debug|Any CPU.Build.0 = Debug|Any CPU
		{6B079731-931F-40A7-AC95-3171A44FE537}.Release|Any CPU.ActiveCfg = Release|Any CPU
		{6B079731-931F-40A7-AC95-3171A44FE537}.Release|Any CPU.Build.0 = Release|Any CPU
	EndGlobalSection
EndGlobal
